Microsoft Visual Studio Solution File, Format Version 12.00
# Visual Studio Version 17
VisualStudioVersion = 17.5.2.0
MinimumVisualStudioVersion = 10.0.40219.1
Project("{FAE04EC0-301F-11D3-BF4B-00C04F79EFBC}") = "PriceLoaderApp", "PriceLoaderApp\PriceLoaderApp.csproj", "{C806E528-B5E7-46AE-61EB-4EDD0D39EA74}"
EndProject
Global
	GlobalSection(SolutionConfigurationPlatforms) = preSolution
		Debug|Any CPU = Debug|Any CPU
		Release|Any CPU = Release|Any CPU
	EndGlobalSection
	GlobalSection(ProjectConfigurationPlatforms) = postSolution
		{C806E528-B5E7-46AE-61EB-4EDD0D39EA74}.Debug|Any CPU.ActiveCfg = Debug|Any CPU
		{C806E528-B5E7-46AE-61EB-4EDD0D39EA74}.Debug|Any CPU.Build.0 = Debug|Any CPU
		{C806E528-B5E7-46AE-61EB-4EDD0D39EA74}.Release|Any CPU.ActiveCfg = Release|Any CPU
		{C806E528-B5E7-46AE-61EB-4EDD0D39EA74}.Release|Any CPU.Build.0 = Release|Any CPU
	EndGlobalSection
	GlobalSection(SolutionProperties) = preSolution
		HideSolutionNode = FALSE
	EndGlobalSection
	GlobalSection(ExtensibilityGlobals) = postSolution
		SolutionGuid = {29E28DA4-23ED-4DC1-93D7-4D6FE0AAF72A}
	EndGlobalSection
EndGlobal
